
Microsoft Visual Studio Solution File, Format Version 12.00
# Visual Studio Version 16
VisualStudioVersion = 16.0.30503.244
MinimumVisualStudioVersion = 10.0.40219.1
Project("{FAE04EC0-301F-11D3-BF4B-00C04F79EFBC}") = "readus_keesha_dbsreview", "readus_keesha_dbsreview\readus_keesha_dbsreview.csproj", "{3EA8DE1D-5A7D-491C-A95C-A3819ECE00A3}"
EndProject
Global
	GlobalSection(SolutionConfigurationPlatforms) = preSolution
		Debug|Any CPU = Debug|Any CPU
		Release|Any CPU = Release|Any CPU
	EndGlobalSection
	GlobalSection(ProjectConfigurationPlatforms) = postSolution
		{3EA8DE1D-5A7D-491C-A95C-A3819ECE00A3}.Debug|Any CPU.ActiveCfg = Debug|Any CPU
		{3EA8DE1D-5A7D-491C-A95C-A3819ECE00A3}.Debug|Any CPU.Build.0 = Debug|Any CPU
		{3EA8DE1D-5A7D-491C-A95C-A3819ECE00A3}.Release|Any CPU.ActiveCfg = Release|Any CPU
		{3EA8DE1D-5A7D-491C-A95C-A3819ECE00A3}.Release|Any CPU.Build.0 = Release|Any CPU
	EndGlobalSection
	GlobalSection(SolutionProperties) = preSolution
		HideSolutionNode = FALSE
	EndGlobalSection
	GlobalSection(ExtensibilityGlobals) = postSolution
		SolutionGuid = {E72D458A-3BD0-4C74-B6FD-0D872507ABB4}
	EndGlobalSection
EndGlobal
